openapi_repository=https://github.com/openai/openai-openapi
openapi_commit=2186421dca0cca7c1e67caa7739005e8b1ccc4dd
openapi_sha256=542299d304cdeb78deff4172b3790d52c7e7e75fb2b517e9c2787c52f1424acc
openai_node_repository=https://github.com/openai/openai-node
openai_node_tag=v7.4.0
openai_node_lock_sha256=ae7e53ed77d7a4abaac02d7f2e73af7de49fc7ccd4511fbb9e662825f3471944
realtime_events_sha256=4937517b504e67295c5d35067088afbe02431c2fdf808771cde7f77f74e78d34
compatibility_matrix_sha256=b23a0e88adb25b7b577bba53af6100f1b759a12f0f252db23957b248b1167b6c
generated_profile_sha256=dd8e4a156170fe06b6c9228847d3852725c43dca4f3c4e6bc06e6739bad3721b
sdk_operations_sha256=fe10809d296224f94d47ae06f88c273de1e113014408fb307ebd9b12ce7c728d
openapi_license_sha256=bcba3de214851cce46ed5af42d6698044616eeace887c3231bc7a20474ab639e
generator_profile=2
